
Microsoft Visual Studio Solution File, Format Version 12.00
# Visual Studio Version 16
VisualStudioVersion = 16.0.32126.315
MinimumVisualStudioVersion = 10.0.40219.1
Project("{9A19103F-16F7-4668-BE54-9A1E7A4F7556}") = "C-Sharp.Core", "C-Sharp.Core\C-Sharp.Core.csproj", "{C29BE56B-6148-4920-94D4-A618611845BB}"
EndProject
Project("{FAE04EC0-301F-11D3-BF4B-00C04F79EFBC}") = "C-Sharp.Test", "C-Sharp.Test\C-Sharp.Test.csproj", "{3C9E7DB3-872B-40D7-9817-006086C6CA4D}"
EndProject
Global
	GlobalSection(SolutionConfigurationPlatforms) = preSolution
		Debug|Any CPU = Debug|Any CPU
		Release|Any CPU = Release|Any CPU
	EndGlobalSection
	GlobalSection(ProjectConfigurationPlatforms) = postSolution
		{C29BE56B-6148-4920-94D4-A618611845BB}.Debug|Any CPU.ActiveCfg = Debug|Any CPU
		{C29BE56B-6148-4920-94D4-A618611845BB}.Debug|Any CPU.Build.0 = Debug|Any CPU
		{C29BE56B-6148-4920-94D4-A618611845BB}.Release|Any CPU.ActiveCfg = Release|Any CPU
		{C29BE56B-6148-4920-94D4-A618611845BB}.Release|Any CPU.Build.0 = Release|Any CPU
		{3C9E7DB3-872B-40D7-9817-006086C6CA4D}.Debug|Any CPU.ActiveCfg = Debug|Any CPU
		{3C9E7DB3-872B-40D7-9817-006086C6CA4D}.Debug|Any CPU.Build.0 = Debug|Any CPU
		{3C9E7DB3-872B-40D7-9817-006086C6CA4D}.Release|Any CPU.ActiveCfg = Release|Any CPU
		{3C9E7DB3-872B-40D7-9817-006086C6CA4D}.Release|Any CPU.Build.0 = Release|Any CPU
	EndGlobalSection
	GlobalSection(SolutionProperties) = preSolution
		HideSolutionNode = FALSE
	EndGlobalSection
	GlobalSection(ExtensibilityGlobals) = postSolution
		SolutionGuid = {D54D5CE7-FB96-4F36-83C4-504F1C018AAD}
	EndGlobalSection
EndGlobal
